
Microsoft Visual Studio Solution File, Format Version 12.00
# Visual Studio Version 16
VisualStudioVersion = 16.0.31911.196
MinimumVisualStudioVersion = 10.0.40219.1
Project("{FAE04EC0-301F-11D3-BF4B-00C04F79EFBC}") = "dezi", "dezi\dezi.csproj", "{ECB2C887-D37C-4BBB-AF1D-F3AF8EF53EF0}"
EndProject
Global
	GlobalSection(SolutionConfigurationPlatforms) = preSolution
		Debug|Any CPU = Debug|Any CPU
		Release|Any CPU = Release|Any CPU
	EndGlobalSection
	GlobalSection(ProjectConfigurationPlatforms) = postSolution
		{ECB2C887-D37C-4BBB-AF1D-F3AF8EF53EF0}.Debug|Any CPU.ActiveCfg = Debug|Any CPU
		{ECB2C887-D37C-4BBB-AF1D-F3AF8EF53EF0}.Debug|Any CPU.Build.0 = Debug|Any CPU
		{ECB2C887-D37C-4BBB-AF1D-F3AF8EF53EF0}.Release|Any CPU.ActiveCfg = Release|Any CPU
		{ECB2C887-D37C-4BBB-AF1D-F3AF8EF53EF0}.Release|Any CPU.Build.0 = Release|Any CPU
	EndGlobalSection
	GlobalSection(SolutionProperties) = preSolution
		HideSolutionNode = FALSE
	EndGlobalSection
	GlobalSection(ExtensibilityGlobals) = postSolution
		SolutionGuid = {2608E6B7-CB5A-473F-842C-89CD59FC68A1}
	EndGlobalSection
EndGlobal
